
Microsoft Visual Studio Solution File, Format Version 12.00
# Visual Studio Version 16
VisualStudioVersion = 16.0.31129.286
MinimumVisualStudioVersion = 10.0.40219.1
Project("{FAE04EC0-301F-11D3-BF4B-00C04F79EFBC}") = "ISIP", "ISIP\ISIP.csproj", "{4ADD749B-7217-46A5-BDB4-1353097F3954}"
EndProject
Global
	GlobalSection(SolutionConfigurationPlatforms) = preSolution
		Debug|Any CPU = Debug|Any CPU
		Release|Any CPU = Release|Any CPU
	EndGlobalSection
	GlobalSection(ProjectConfigurationPlatforms) = postSolution
		{4ADD749B-7217-46A5-BDB4-1353097F3954}.Debug|Any CPU.ActiveCfg = Debug|Any CPU
		{4ADD749B-7217-46A5-BDB4-1353097F3954}.Debug|Any CPU.Build.0 = Debug|Any CPU
		{4ADD749B-7217-46A5-BDB4-1353097F3954}.Release|Any CPU.ActiveCfg = Release|Any CPU
		{4ADD749B-7217-46A5-BDB4-1353097F3954}.Release|Any CPU.Build.0 = Release|Any CPU
	EndGlobalSection
	GlobalSection(SolutionProperties) = preSolution
		HideSolutionNode = FALSE
	EndGlobalSection
	GlobalSection(ExtensibilityGlobals) = postSolution
		SolutionGuid = {01642152-7BB9-4222-8A36-F983826E9395}
	EndGlobalSection
EndGlobal
